// !$*UTF8*$!
{
	archiveVersion = 1;
	classes = {
	};
	objectVersion = 56;
	objects = {

/* Begin PBXBuildFile section */
		B072CBFE29CA4439007F150D /* AppDelegate.swift in Sources */ = {isa = PBXBuildFile; fileRef = B072CBFD29CA4439007F150D /* AppDelegate.swift */; };
		B072CC0029CA4439007F150D /* SceneDelegate.swift in Sources */ = {isa = PBXBuildFile; fileRef = B072CBFF29CA4439007F150D /* SceneDelegate.swift */; };
		B072CC0229CA4439007F150D /* ViewController.swift in Sources */ = {isa = PBXBuildFile; fileRef = B072CC0129CA4439007F150D /* ViewController.swift */; };
		B072CC1929CA4470007F150D /* A.wav in Resources */ = {isa = PBXBuildFile; fileRef = B072CC1229CA4470007F150D /* A.wav */; };
		B072CC1A29CA4470007F150D /* C.wav in Resources */ = {isa = PBXBuildFile; fileRef = B072CC1329CA4470007F150D /* C.wav */; };
		B072CC1B29CA4470007F150D /* B.wav in Resources */ = {isa = PBXBuildFile; fileRef = B072CC1429CA4470007F150D /* B.wav */; };
		B072CC1C29CA4470007F150D /* F.wav in Resources */ = {isa = PBXBuildFile; fileRef = B072CC1529CA4470007F150D /* F.wav */; };
		B072CC1D29CA4470007F150D /* G.wav in Resources */ = {isa = PBXBuildFile; fileRef = B072CC1629CA4470007F150D /* G.wav */; };
		B072CC1E29CA4470007F150D /* E.wav in Resources */ = {isa = PBXBuildFile; fileRef = B072CC1729CA4470007F150D /* E.wav */; };
		B072CC1F29CA4470007F150D /* D.wav in Resources */ = {isa = PBXBuildFile; fileRef = B072CC1829CA4470007F150D /* D.wav */; };
		B072CC2329CA44A4007F150D /* LaunchScreen.storyboard in Resources */ = {isa = PBXBuildFile; fileRef = B072CC2229CA44A4007F150D /* LaunchScreen.storyboard */; };
		B072CC2529CA44BD007F150D /* Main.storyboard in Resources */ = {isa = PBXBuildFile; fileRef = B072CC2429CA44BD007F150D /* Main.storyboard */; };
		B085BE8429CA4DE60080BF95 /* Assets.xcassets in Resources */ = {isa = PBXBuildFile; fileRef = B085BE8329CA4DE60080BF95 /* Assets.xcassets */; };
/* End PBXBuildFile section */

/* Begin PBXFileReference section */
		B072CBFA29CA4439007F150D /* Xylophone-Swift.app */ = {isa = PBXFileReference; explicitFileType = wrapper.application; includeInIndex = 0; path = "Xylophone-Swift.app"; sourceTree = BUILT_PRODUCTS_DIR; };
		B072CBFD29CA4439007F150D /* AppDelegate.swift */ = {isa = PBXFileReference; lastKnownFileType = sourcecode.swift; path = AppDelegate.swift; sourceTree = "<group>"; };
		B072CBFF29CA4439007F150D /* SceneDelegate.swift */ = {isa = PBXFileReference; lastKnownFileType = sourcecode.swift; path = SceneDelegate.swift; sourceTree = "<group>"; };
		B072CC0129CA4439007F150D /* ViewController.swift */ = {isa = PBXFileReference; lastKnownFileType = sourcecode.swift; path = ViewController.swift; sourceTree = "<group>"; };
		B072CC0B29CA443B007F150D /* Info.plist */ = {isa = PBXFileReference; lastKnownFileType = text.plist.xml; path = Info.plist; sourceTree = "<group>"; };
		B072CC1229CA4470007F150D /* A.wav */ = {isa = PBXFileReference; lastKnownFileType = audio.wav; path = A.wav; sourceTree = "<group>"; };
		B072CC1329CA4470007F150D /* C.wav */ = {isa = PBXFileReference; lastKnownFileType = audio.wav; path = C.wav; sourceTree = "<group>"; };
		B072CC1429CA4470007F150D /* B.wav */ = {isa = PBXFileReference; lastKnownFileType = audio.wav; path = B.wav; sourceTree = "<group>"; };
		B072CC1529CA4470007F150D /* F.wav */ = {isa = PBXFileReference; lastKnownFileType = audio.wav; path = F.wav; sourceTree = "<group>"; };
		B072CC1629CA4470007F150D /* G.wav */ = {isa = PBXFileReference; lastKnownFileType = audio.wav; path = G.wav; sourceTree = "<group>"; };
		B072CC1729CA4470007F150D /* E.wav */ = {isa = PBXFileReference; lastKnownFileType = audio.wav; path = E.wav; sourceTree = "<group>"; };
		B072CC1829CA4470007F150D /* D.wav */ = {isa = PBXFileReference; lastKnownFileType = audio.wav; path = D.wav; sourceTree = "<group>"; };
		B072CC2229CA44A4007F150D /* LaunchScreen.storyboard */ = {isa = PBXFileReference; fileEncoding = 4; lastKnownFileType = file.storyboard; path = LaunchScreen.storyboard; sourceTree = "<group>"; };
		B072CC2429CA44BD007F150D /* Main.storyboard */ = {isa = PBXFileReference; fileEncoding = 4; lastKnownFileType = file.storyboard; path = Main.storyboard; sourceTree = "<group>"; };
		B072CC2629CA48CB007F150D /* README.md */ = {isa = PBXFileReference; lastKnownFileType = net.daringfireball.markdown; path = README.md; sourceTree = "<group>"; };
		B085BE8329CA4DE60080BF95 /* Assets.xcassets */ = {isa = PBXFileReference; lastKnownFileType = folder.assetcatalog; path = Assets.xcassets; sourceTree = "<group>"; };
/* End PBXFileReference section */

/* Begin PBXFrameworksBuildPhase section */
		B072CBF729CA4439007F150D /* Frameworks */ = {
			isa = PBXFrameworksBuildPhase;
			buildActionMask = 2147483647;
			files = (
			);
			runOnlyForDeploymentPostprocessing = 0;
		};
/* End PBXFrameworksBuildPhase section */

/* Begin PBXGroup section */
		B072CBF129CA4439007F150D = {
			isa = PBXGroup;
			children = (
				B072CC2629CA48CB007F150D /* README.md */,
				B072CBFC29CA4439007F150D /* Xylophone-Swift */,
				B072CBFB29CA4439007F150D /* Products */,
			);
			sourceTree = "<group>";
		};
		B072CBFB29CA4439007F150D /* Products */ = {
			isa = PBXGroup;
			children = (
				B072CBFA29CA4439007F150D /* Xylophone-Swift.app */,
			);
			name = Products;
			sourceTree = "<group>";
		};
		B072CBFC29CA4439007F150D /* Xylophone-Swift */ = {
			isa = PBXGroup;
			children = (
				B072CC1129CA4470007F150D /* Sounds */,
				B072CBFD29CA4439007F150D /* AppDelegate.swift */,
				B072CBFF29CA4439007F150D /* SceneDelegate.swift */,
				B072CC0129CA4439007F150D /* ViewController.swift */,
				B072CC0B29CA443B007F150D /* Info.plist */,
				B085BE8329CA4DE60080BF95 /* Assets.xcassets */,
				B072CC2229CA44A4007F150D /* LaunchScreen.storyboard */,
				B072CC2429CA44BD007F150D /* Main.storyboard */,
			);
			path = "Xylophone-Swift";
			sourceTree = "<group>";
		};
		B072CC1129CA4470007F150D /* Sounds */ = {
			isa = PBXGroup;
			children = (
				B072CC1229CA4470007F150D /* A.wav */,
				B072CC1329CA4470007F150D /* C.wav */,
				B072CC1429CA4470007F150D /* B.wav */,
				B072CC1529CA4470007F150D /* F.wav */,
				B072CC1629CA4470007F150D /* G.wav */,
				B072CC1729CA4470007F150D /* E.wav */,
				B072CC1829CA4470007F150D /* D.wav */,
			);
			path = Sounds;
			sourceTree = "<group>";
		};
/* End PBXGroup section */

/* Begin PBXNativeTarget section */
		B072CBF929CA4439007F150D /* Xylophone-Swift */ = {
			isa = PBXNativeTarget;
			buildConfigurationList = B072CC0E29CA443B007F150D /* Build configuration list for PBXNativeTarget "Xylophone-Swift" */;
			buildPhases = (
				B072CBF629CA4439007F150D /* Sources */,
				B072CBF729CA4439007F150D /* Frameworks */,
				B072CBF829CA4439007F150D /* Resources */,
			);
			buildRules = (
			);
			dependencies = (
			);
			name = "Xylophone-Swift";
			productName = "Xylophone-Swift";
			productReference = B072CBFA29CA4439007F150D /* Xylophone-Swift.app */;
			productType = "com.apple.product-type.application";
		};
/* End PBXNativeTarget section */

/* Begin PBXProject section */
		B072CBF229CA4439007F150D /* Project object */ = {
			isa = PBXProject;
			attributes = {
				BuildIndependentTargetsInParallel = 1;
				LastSwiftUpdateCheck = 1420;
				LastUpgradeCheck = 1420;
				TargetAttributes = {
					B072CBF929CA4439007F150D = {
						CreatedOnToolsVersion = 14.2;
					};
				};
			};
			buildConfigurationList = B072CBF529CA4439007F150D /* Build configuration list for PBXProject "Xylophone-Swift" */;
			compatibilityVersion = "Xcode 14.0";
			developmentRegion = en;
			hasScannedForEncodings = 0;
			knownRegions = (
				en,
				Base,
			);
			mainGroup = B072CBF129CA4439007F150D;
			productRefGroup = B072CBFB29CA4439007F150D /* Products */;
			projectDirPath = "";
			projectRoot = "";
			targets = (
				B072CBF929CA4439007F150D /* Xylophone-Swift */,
			);
		};
/* End PBXProject section */

/* Begin PBXResourcesBuildPhase section */
		B072CBF829CA4439007F150D /* Resources */ = {
			isa = PBXResourcesBuildPhase;
			buildActionMask = 2147483647;
			files = (
				B072CC1D29CA4470007F150D /* G.wav in Resources */,
				B072CC1C29CA4470007F150D /* F.wav in Resources */,
				B085BE8429CA4DE60080BF95 /* Assets.xcassets in Resources */,
				B072CC1929CA4470007F150D /* A.wav in Resources */,
				B072CC1B29CA4470007F150D /* B.wav in Resources */,
				B072CC2529CA44BD007F150D /* Main.storyboard in Resources */,
				B072CC1E29CA4470007F150D /* E.wav in Resources */,
				B072CC1F29CA4470007F150D /* D.wav in Resources */,
				B072CC2329CA44A4007F150D /* LaunchScreen.storyboard in Resources */,
				B072CC1A29CA4470007F150D /* C.wav in Resources */,
			);
			runOnlyForDeploymentPostprocessing = 0;
		};
/* End PBXResourcesBuildPhase section */

/* Begin PBXSourcesBuildPhase section */
		B072CBF629CA4439007F150D /* Sources */ = {
			isa = PBXSourcesBuildPhase;
			buildActionMask = 2147483647;
			files = (
				B072CC0229CA4439007F150D /* ViewController.swift in Sources */,
				B072CBFE29CA4439007F150D /* AppDelegate.swift in Sources */,
				B072CC0029CA4439007F150D /* SceneDelegate.swift in Sources */,
			);
			runOnlyForDeploymentPostprocessing = 0;
		};
/* End PBXSourcesBuildPhase section */

/* Begin XCBuildConfiguration section */
		B072CC0C29CA443B007F150D /* Debug */ = {
			isa = XCBuildConfiguration;
			buildSettings = {
				ALWAYS_SEARCH_USER_PATHS = NO;
				CLANG_ANALYZER_NONNULL = YES;
				CLANG_ANALYZER_NUMBER_OBJECT_CONVERSION = YES_AGGRESSIVE;
				CLANG_CXX_LANGUAGE_STANDARD = "gnu++20";
				CLANG_ENABLE_MODULES = YES;
				CLANG_ENABLE_OBJC_ARC = YES;
				CLANG_ENABLE_OBJC_WEAK = YES;
				CLANG_WARN_BLOCK_CAPTURE_AUTORELEASING = YES;
				CLANG_WARN_BOOL_CONVERSION = YES;
				CLANG_WARN_COMMA = YES;
				CLANG_WARN_CONSTANT_CONVERSION = YES;
				CLANG_WARN_DEPRECATED_OBJC_IMPLEMENTATIONS = YES;
				CLANG_WARN_DIRECT_OBJC_ISA_USAGE = YES_ERROR;
				CLANG_WARN_DOCUMENTATION_COMMENTS = YES;
				CLANG_WARN_EMPTY_BODY = YES;
				CLANG_WARN_ENUM_CONVERSION = YES;
				CLANG_WARN_INFINITE_RECURSION = YES;
				CLANG_WARN_INT_CONVERSION = YES;
				CLANG_WARN_NON_LITERAL_NULL_CONVERSION = YES;
				CLANG_WARN_OBJC_IMPLICIT_RETAIN_SELF = YES;
				CLANG_WARN_OBJC_LITERAL_CONVERSION = YES;
				CLANG_WARN_OBJC_ROOT_CLASS = YES_ERROR;
				CLANG_WARN_QUOTED_INCLUDE_IN_FRAMEWORK_HEADER = YES;
				CLANG_WARN_RANGE_LOOP_ANALYSIS = YES;
				CLANG_WARN_STRICT_PROTOTYPES = YES;
				CLANG_WARN_SUSPICIOUS_MOVE = YES;
				CLANG_WARN_UNGUARDED_AVAILABILITY = YES_AGGRESSIVE;
				CLANG_WARN_UNREACHABLE_CODE = YES;
				CLANG_WARN__DUPLICATE_METHOD_MATCH = YES;
				COPY_PHASE_STRIP = NO;
				DEBUG_INFORMATION_FORMAT = dwarf;
				ENABLE_STRICT_OBJC_MSGSEND = YES;
				ENABLE_TESTABILITY = YES;
				GCC_C_LANGUAGE_STANDARD = gnu11;
				GCC_DYNAMIC_NO_PIC = NO;
				GCC_NO_COMMON_BLOCKS = YES;
				GCC_OPTIMIZATION_LEVEL = 0;
				GCC_PREPROCESSOR_DEFINITIONS = (
					"DEBUG=1",
					"$(inherited)",
				);
				GCC_WARN_64_TO_32_BIT_CONVERSION = YES;
				GCC_WARN_ABOUT_RETURN_TYPE = YES_ERROR;
				GCC_WARN_UNDECLARED_SELECTOR = YES;
				GCC_WARN_UNINITIALIZED_AUTOS = YES_AGGRESSIVE;
				GCC_WARN_UNUSED_FUNCTION = YES;
				GCC_WARN_UNUSED_VARIABLE = YES;
				IPHONEOS_DEPLOYMENT_TARGET = 16.2;
				MTL_ENABLE_DEBUG_INFO = INCLUDE_SOURCE;
				MTL_FAST_MATH = YES;
				ONLY_ACTIVE_ARCH = YES;
				SDKROOT = iphoneos;
				SWIFT_ACTIVE_COMPILATION_CONDITIONS = DEBUG;
				SWIFT_OPTIMIZATION_LEVEL = "-Onone";
			};
			name = Debug;
		};
		B072CC0D29CA443B007F150D /* Release */ = {
			isa = XCBuildConfiguration;
			buildSettings = {
				ALWAYS_SEARCH_USER_PATHS = NO;
				CLANG_ANALYZER_NONNULL = YES;
				CLANG_ANALYZER_NUMBER_OBJECT_CONVERSION = YES_AGGRESSIVE;
				CLANG_CXX_LANGUAGE_STANDARD = "gnu++20";
				CLANG_ENABLE_MODULES = YES;
				CLANG_ENABLE_OBJC_ARC = YES;
				CLANG_ENABLE_OBJC_WEAK = YES;
				CLANG_WARN_BLOCK_CAPTURE_AUTORELEASING = YES;
				CLANG_WARN_BOOL_CONVERSION = YES;
				CLANG_WARN_COMMA = YES;
				CLANG_WARN_CONSTANT_CONVERSION = YES;
				CLANG_WARN_DEPRECATED_OBJC_IMPLEMENTATIONS = YES;
				CLANG_WARN_DIRECT_OBJC_ISA_USAGE = YES_ERROR;
				CLANG_WARN_DOCUMENTATION_COMMENTS = YES;
				CLANG_WARN_EMPTY_BODY = YES;
				CLANG_WARN_ENUM_CONVERSION = YES;
				CLANG_WARN_INFINITE_RECURSION = YES;
				CLANG_WARN_INT_CONVERSION = YES;
				CLANG_WARN_NON_LITERAL_NULL_CONVERSION = YES;
				CLANG_WARN_OBJC_IMPLICIT_RETAIN_SELF = YES;
				CLANG_WARN_OBJC_LITERAL_CONVERSION = YES;
				CLANG_WARN_OBJC_ROOT_CLASS = YES_ERROR;
				CLANG_WARN_QUOTED_INCLUDE_IN_FRAMEWORK_HEADER = YES;
				CLANG_WARN_RANGE_LOOP_ANALYSIS = YES;
				CLANG_WARN_STRICT_PROTOTYPES = YES;
				CLANG_WARN_SUSPICIOUS_MOVE = YES;
				CLANG_WARN_UNGUARDED_AVAILABILITY = YES_AGGRESSIVE;
				CLANG_WARN_UNREACHABLE_CODE = YES;
				CLANG_WARN__DUPLICATE_METHOD_MATCH = YES;
				COPY_PHASE_STRIP = NO;
				DEBUG_INFORMATION_FORMAT = "dwarf-with-dsym";
				ENABLE_NS_ASSERTIONS = NO;
				ENABLE_STRICT_OBJC_MSGSEND = YES;
				GCC_C_LANGUAGE_STANDARD = gnu11;
				GCC_NO_COMMON_BLOCKS = YES;
				GCC_WARN_64_TO_32_BIT_CONVERSION = YES;
				GCC_WARN_ABOUT_RETURN_TYPE = YES_ERROR;
				GCC_WARN_UNDECLARED_SELECTOR = YES;
				GCC_WARN_UNINITIALIZED_AUTOS = YES_AGGRESSIVE;
				GCC_WARN_UNUSED_FUNCTION = YES;
				GCC_WARN_UNUSED_VARIABLE = YES;
				IPHONEOS_DEPLOYMENT_TARGET = 16.2;
				MTL_ENABLE_DEBUG_INFO = NO;
				MTL_FAST_MATH = YES;
				SDKROOT = iphoneos;
				SWIFT_COMPILATION_MODE = wholemodule;
				SWIFT_OPTIMIZATION_LEVEL = "-O";
				VALIDATE_PRODUCT = YES;
			};
			name = Release;
		};
		B072CC0F29CA443B007F150D /* Debug */ = {
			isa = XCBuildConfiguration;
			buildSettings = {
				ASSETCATALOG_COMPILER_APPICON_NAME = AppIcon;
				ASSETCATALOG_COMPILER_GLOBAL_ACCENT_COLOR_NAME = AccentColor;
				CODE_SIGN_STYLE = Automatic;
				CURRENT_PROJECT_VERSION = 1;
				DEVELOPMENT_TEAM = P48TDC489C;
				GENERATE_INFOPLIST_FILE = YES;
				INFOPLIST_FILE = "Xylophone-Swift/Info.plist";
				INFOPLIST_KEY_UIApplicationSupportsIndirectInputEvents = YES;
				INFOPLIST_KEY_UILaunchStoryboardName = LaunchScreen;
				INFOPLIST_KEY_UIMainStoryboardFile = Main;
				INFOPLIST_KEY_UISupportedInterfaceOrientations = UIInterfaceOrientationPortrait;
				INFOPLIST_KEY_UISupportedInterfaceOrientations_iPad = "UIInterfaceOrientationLandscapeLeft UIInterfaceOrientationLandscapeRight UIInterfaceOrientationPortrait UIInterfaceOrientationPortraitUpsideDown";
				LD_RUNPATH_SEARCH_PATHS = (
					"$(inherited)",
					"@executable_path/Frameworks",
				);
				MARKETING_VERSION = 1.0;
				PRODUCT_BUNDLE_IDENTIFIER = "com.yamisagi.Xylophone-Swift";
				PRODUCT_NAME = "$(TARGET_NAME)";
				SUPPORTED_PLATFORMS = "iphoneos iphonesimulator";
				SUPPORTS_MACCATALYST = NO;
				SUPPORTS_MAC_DESIGNED_FOR_IPHONE_IPAD = NO;
				SWIFT_EMIT_LOC_STRINGS = YES;
				SWIFT_VERSION = 5.0;
				TARGETED_DEVICE_FAMILY = 1;
			};
			name = Debug;
		};
		B072CC1029CA443B007F150D /* Release */ = {
			isa = XCBuildConfiguration;
			buildSettings = {
				ASSETCATALOG_COMPILER_APPICON_NAME = AppIcon;
				ASSETCATALOG_COMPILER_GLOBAL_ACCENT_COLOR_NAME = AccentColor;
				CODE_SIGN_STYLE = Automatic;
				CURRENT_PROJECT_VERSION = 1;
				DEVELOPMENT_TEAM = P48TDC489C;
				GENERATE_INFOPLIST_FILE = YES;
				INFOPLIST_FILE = "Xylophone-Swift/Info.plist";
				INFOPLIST_KEY_UIApplicationSupportsIndirectInputEvents = YES;
				INFOPLIST_KEY_UILaunchStoryboardName = LaunchScreen;
				INFOPLIST_KEY_UIMainStoryboardFile = Main;
				INFOPLIST_KEY_UISupportedInterfaceOrientations = UIInterfaceOrientationPortrait;
				INFOPLIST_KEY_UISupportedInterfaceOrientations_iPad = "UIInterfaceOrientationLandscapeLeft UIInterfaceOrientationLandscapeRight UIInterfaceOrientationPortrait UIInterfaceOrientationPortraitUpsideDown";
				LD_RUNPATH_SEARCH_PATHS = (
					"$(inherited)",
					"@executable_path/Frameworks",
				);
				MARKETING_VERSION = 1.0;
				PRODUCT_BUNDLE_IDENTIFIER = "com.yamisagi.Xylophone-Swift";
				PRODUCT_NAME = "$(TARGET_NAME)";
				SUPPORTED_PLATFORMS = "iphoneos iphonesimulator";
				SUPPORTS_MACCATALYST = NO;
				SUPPORTS_MAC_DESIGNED_FOR_IPHONE_IPAD = NO;
				SWIFT_EMIT_LOC_STRINGS = YES;
				SWIFT_VERSION = 5.0;
				TARGETED_DEVICE_FAMILY = 1;
			};
			name = Release;
		};
/* End XCBuildConfiguration section */

/* Begin XCConfigurationList section */
		B072CBF529CA4439007F150D /* Build configuration list for PBXProject "Xylophone-Swift" */ = {
			isa = XCConfigurationList;
			buildConfigurations = (
				B072CC0C29CA443B007F150D /* Debug */,
				B072CC0D29CA443B007F150D /* Release */,
			);
			defaultConfigurationIsVisible = 0;
			defaultConfigurationName = Release;
		};
		B072CC0E29CA443B007F150D /* Build configuration list for PBXNativeTarget "Xylophone-Swift" */ = {
			isa = XCConfigurationList;
			buildConfigurations = (
				B072CC0F29CA443B007F150D /* Debug */,
				B072CC1029CA443B007F150D /* Release */,
			);
			defaultConfigurationIsVisible = 0;
			defaultConfigurationName = Release;
		};
/* End XCConfigurationList section */
	};
	rootObject = B072CBF229CA4439007F150D /* Project object */;
}
